
Microsoft Visual Studio Solution File, Format Version 12.00
# Visual Studio Express 14 for Windows Desktop
VisualStudioVersion = 14.0.23107.0
MinimumVisualStudioVersion = 10.0.40219.1
Project("{FAE04EC0-301F-11D3-BF4B-00C04F79EFBC}") = "Koala Edit", "Koala Edit\Koala Edit.csproj", "{F4796C35-C332-4B36-AE26-63A0C705C924}"
	ProjectSection(ProjectDependencies) = postProject
		{571230E6-5517-465F-A819-873213EEDC1F} = {571230E6-5517-465F-A819-873213EEDC1F}
	EndProjectSection
EndProject
Project("{FAE04EC0-301F-11D3-BF4B-00C04F79EFBC}") = "Koala", "Koala Framework\Koala.csproj", "{571230E6-5517-465F-A819-873213EEDC1F}"
EndProject
Global
	GlobalSection(SolutionConfigurationPlatforms) = preSolution
		Debug|Any CPU = Debug|Any CPU
		Release|Any CPU = Release|Any CPU
	EndGlobalSection
	GlobalSection(ProjectConfigurationPlatforms) = postSolution
		{F4796C35-C332-4B36-AE26-63A0C705C924}.Debug|Any CPU.ActiveCfg = Debug|Any CPU
		{F4796C35-C332-4B36-AE26-63A0C705C924}.Debug|Any CPU.Build.0 = Debug|Any CPU
		{F4796C35-C332-4B36-AE26-63A0C705C924}.Release|Any CPU.ActiveCfg = Release|Any CPU
		{F4796C35-C332-4B36-AE26-63A0C705C924}.Release|Any CPU.Build.0 = Release|Any CPU
		{571230E6-5517-465F-A819-873213EEDC1F}.Debug|Any CPU.ActiveCfg = Debug|Any CPU
		{571230E6-5517-465F-A819-873213EEDC1F}.Debug|Any CPU.Build.0 = Debug|Any CPU
		{571230E6-5517-465F-A819-873213EEDC1F}.Release|Any CPU.ActiveCfg = Release|Any CPU
		{571230E6-5517-465F-A819-873213EEDC1F}.Release|Any CPU.Build.0 = Release|Any CPU
	EndGlobalSection
	GlobalSection(SolutionProperties) = preSolution
		HideSolutionNode = FALSE
	EndGlobalSection
EndGlobal
